{
  "object": {
    "pins": [
      {
        "package": "TelegramBotSDK",
        "repositoryURL": "https://github.com/rapierorg/telegram-bot-swift.git",
        "state": {
          "branch": null,
          "revision": "8dcac1bcdac12c634843b8a73e1f3ef17260ee56",
          "version": "2.1.0"
        }
      }
    ]
  },
  "version": 1
}
